
Microsoft Visual Studio Solution File, Format Version 12.00
# Visual Studio 15
VisualStudioVersion = 15.0.28307.271
MinimumVisualStudioVersion = 10.0.40219.1
Project("{8BC9CEB8-8B4A-11D0-8D11-00A0C91BC942}") = "Algoritmos", "Algoritmos\Algoritmos.vcxproj", "{150939BA-DB53-4563-836E-C0AAE1F0ABB5}"
EndProject
Global
	GlobalSection(SolutionConfigurationPlatforms) = preSolution
		Debug|x64 = Debug|x64
		Debug|x86 = Debug|x86
		Release|x64 = Release|x64
		Release|x86 = Release|x86
	EndGlobalSection
	GlobalSection(ProjectConfigurationPlatforms) = postSolution
		{150939BA-DB53-4563-836E-C0AAE1F0ABB5}.Debug|x64.ActiveCfg = Debug|x64
		{150939BA-DB53-4563-836E-C0AAE1F0ABB5}.Debug|x64.Build.0 = Debug|x64
		{150939BA-DB53-4563-836E-C0AAE1F0ABB5}.Debug|x86.ActiveCfg = Debug|Win32
		{150939BA-DB53-4563-836E-C0AAE1F0ABB5}.Debug|x86.Build.0 = Debug|Win32
		{150939BA-DB53-4563-836E-C0AAE1F0ABB5}.Release|x64.ActiveCfg = Release|x64
		{150939BA-DB53-4563-836E-C0AAE1F0ABB5}.Release|x64.Build.0 = Release|x64
		{150939BA-DB53-4563-836E-C0AAE1F0ABB5}.Release|x86.ActiveCfg = Release|Win32
		{150939BA-DB53-4563-836E-C0AAE1F0ABB5}.Release|x86.Build.0 = Release|Win32
	EndGlobalSection
	GlobalSection(SolutionProperties) = preSolution
		HideSolutionNode = FALSE
	EndGlobalSection
	GlobalSection(ExtensibilityGlobals) = postSolution
		SolutionGuid = {4D6616BB-3FD6-43FE-A2DA-A4D087FF0701}
	EndGlobalSection
EndGlobal
